// !$*UTF8*$!
{
	archiveVersion = 1;
	classes = {
	};
	objectVersion = 56;
	objects = {

/* Begin PBXBuildFile section */
		5EC3FCDC73CAE6146BD3A459 /* Pods_CWatch.framework in Frameworks */ = {isa = PBXBuildFile; fileRef = E59534E05363A78699F6B6DF /* Pods_CWatch.framework */; };
		BE02F782293FE00C0087E4F8 /* UIStackView+Ext.swift in Sources */ = {isa = PBXBuildFile; fileRef = BE02F781293FE00C0087E4F8 /* UIStackView+Ext.swift */; };
		BE02F784293FE01D0087E4F8 /* Double+Ext.swift in Sources */ = {isa = PBXBuildFile; fileRef = BE02F783293FE01D0087E4F8 /* Double+Ext.swift */; };
		BE02F786293FE4F30087E4F8 /* CoinResponse+Ext.swift in Sources */ = {isa = PBXBuildFile; fileRef = BE02F785293FE4F30087E4F8 /* CoinResponse+Ext.swift */; };
		BE02F788293FE52B0087E4F8 /* CWViewPreview.swift in Sources */ = {isa = PBXBuildFile; fileRef = BE02F787293FE52B0087E4F8 /* CWViewPreview.swift */; };
		BE038701293E92FA0051128D /* CWCoinAboutScreen.swift in Sources */ = {isa = PBXBuildFile; fileRef = BE038700293E92FA0051128D /* CWCoinAboutScreen.swift */; };
		BE038703293EF0FF0051128D /* CWInfoRow.swift in Sources */ = {isa = PBXBuildFile; fileRef = BE038702293EF0FF0051128D /* CWInfoRow.swift */; };
		BE50A341294072EA008DF5D7 /* CWChartMarker.swift in Sources */ = {isa = PBXBuildFile; fileRef = BE50A340294072EA008DF5D7 /* CWChartMarker.swift */; };
		BE50A34429407313008DF5D7 /* XAxisChartFormatter.swift in Sources */ = {isa = PBXBuildFile; fileRef = BE50A34329407313008DF5D7 /* XAxisChartFormatter.swift */; };
		BE50A3462940733A008DF5D7 /* String+Ext.swift in Sources */ = {isa = PBXBuildFile; fileRef = BE50A3452940733A008DF5D7 /* String+Ext.swift */; };
		BE66BD7C293942EE00BF8144 /* CWPaddedLabel.swift in Sources */ = {isa = PBXBuildFile; fileRef = BE66BD7B293942EE00BF8144 /* CWPaddedLabel.swift */; };
		BE66D7E229407795000688CC /* CWWatchlistScreen.swift in Sources */ = {isa = PBXBuildFile; fileRef = BE66D7E129407795000688CC /* CWWatchlistScreen.swift */; };
		BE66D7E429407A2C000688CC /* UIFont+Ext.swift in Sources */ = {isa = PBXBuildFile; fileRef = BE66D7E329407A2C000688CC /* UIFont+Ext.swift */; };
		BE8CB71E29398B8800A1BCAA /* CWCoinDetailScreen.swift in Sources */ = {isa = PBXBuildFile; fileRef = BE8CB71D29398B8800A1BCAA /* CWCoinDetailScreen.swift */; };
		BE8CB7202939B76700A1BCAA /* HistoryResponse.swift in Sources */ = {isa = PBXBuildFile; fileRef = BE8CB71F2939B76700A1BCAA /* HistoryResponse.swift */; };
		BE8CB7222939BBE600A1BCAA /* coinhistory.json in Resources */ = {isa = PBXBuildFile; fileRef = BE8CB7212939BBE600A1BCAA /* coinhistory.json */; };
		BEC5949C29386DCB007D68D6 /* AppDelegate.swift in Sources */ = {isa = PBXBuildFile; fileRef = BEC5949B29386DCB007D68D6 /* AppDelegate.swift */; };
		BEC5949E29386DCB007D68D6 /* SceneDelegate.swift in Sources */ = {isa = PBXBuildFile; fileRef = BEC5949D29386DCB007D68D6 /* SceneDelegate.swift */; };
		BEC594A029386DCB007D68D6 /* CTMainTabViewController.swift in Sources */ = {isa = PBXBuildFile; fileRef = BEC5949F29386DCB007D68D6 /* CTMainTabViewController.swift */; };
		BEC594A529386DCC007D68D6 /* Assets.xcassets in Resources */ = {isa = PBXBuildFile; fileRef = BEC594A429386DCC007D68D6 /* Assets.xcassets */; };
		BEC594A829386DCC007D68D6 /* LaunchScreen.storyboard in Resources */ = {isa = PBXBuildFile; fileRef = BEC594A629386DCC007D68D6 /* LaunchScreen.storyboard */; };
		BEC594B329387024007D68D6 /* CWMarketScreen.swift in Sources */ = {isa = PBXBuildFile; fileRef = BEC594B229387024007D68D6 /* CWMarketScreen.swift */; };
		BEC594B6293876D3007D68D6 /* CoinService.swift in Sources */ = {isa = PBXBuildFile; fileRef = BEC594B5293876D3007D68D6 /* CoinService.swift */; };
		BEC594BA293877E7007D68D6 /* Secrets.swift in Sources */ = {isa = PBXBuildFile; fileRef = BEC594B9293877E7007D68D6 /* Secrets.swift */; };
		BEC594BD29388606007D68D6 /* CoinResponse.swift in Sources */ = {isa = PBXBuildFile; fileRef = BEC594BC29388606007D68D6 /* CoinResponse.swift */; };
		BEC594BF2939283C007D68D6 /* response.json in Resources */ = {isa = PBXBuildFile; fileRef = BEC594BE2939283C007D68D6 /* response.json */; };
		BEC594C229392E0E007D68D6 /* CWCoinCell.swift in Sources */ = {isa = PBXBuildFile; fileRef = BEC594C129392E0E007D68D6 /* CWCoinCell.swift */; };
		BEC8639E293BF58000A5BD12 /* CWCoinHeaderView.swift in Sources */ = {isa = PBXBuildFile; fileRef = BEC8639D293BF58000A5BD12 /* CWCoinHeaderView.swift */; };
		BEC863A0293C3CD000A5BD12 /* coinresponse.json in Resources */ = {isa = PBXBuildFile; fileRef = BEC8639F293C3CD000A5BD12 /* coinresponse.json */; };
		BEC863A2293D1D1600A5BD12 /* Endpoint.swift in Sources */ = {isa = PBXBuildFile; fileRef = BEC863A1293D1D1600A5BD12 /* Endpoint.swift */; };
/* End PBXBuildFile section */

/* Begin PBXFileReference section */
		69DA7F3670DD8DCFA3A5D00C /* Pods-CWatch.release.xcconfig */ = {isa = PBXFileReference; includeInIndex = 1; lastKnownFileType = text.xcconfig; name = "Pods-CWatch.release.xcconfig"; path = "Target Support Files/Pods-CWatch/Pods-CWatch.release.xcconfig"; sourceTree = "<group>"; };
		A159733097E29C927E1FF722 /* Pods-CWatch.debug.xcconfig */ = {isa = PBXFileReference; includeInIndex = 1; lastKnownFileType = text.xcconfig; name = "Pods-CWatch.debug.xcconfig"; path = "Target Support Files/Pods-CWatch/Pods-CWatch.debug.xcconfig"; sourceTree = "<group>"; };
		BE02F781293FE00C0087E4F8 /* UIStackView+Ext.swift */ = {isa = PBXFileReference; lastKnownFileType = sourcecode.swift; path = "UIStackView+Ext.swift"; sourceTree = "<group>"; };
		BE02F783293FE01D0087E4F8 /* Double+Ext.swift */ = {isa = PBXFileReference; lastKnownFileType = sourcecode.swift; path = "Double+Ext.swift"; sourceTree = "<group>"; };
		BE02F785293FE4F30087E4F8 /* CoinResponse+Ext.swift */ = {isa = PBXFileReference; lastKnownFileType = sourcecode.swift; path = "CoinResponse+Ext.swift"; sourceTree = "<group>"; };
		BE02F787293FE52B0087E4F8 /* CWViewPreview.swift */ = {isa = PBXFileReference; lastKnownFileType = sourcecode.swift; path = CWViewPreview.swift; sourceTree = "<group>"; };
		BE038700293E92FA0051128D /* CWCoinAboutScreen.swift */ = {isa = PBXFileReference; lastKnownFileType = sourcecode.swift; path = CWCoinAboutScreen.swift; sourceTree = "<group>"; };
		BE038702293EF0FF0051128D /* CWInfoRow.swift */ = {isa = PBXFileReference; lastKnownFileType = sourcecode.swift; path = CWInfoRow.swift; sourceTree = "<group>"; };
		BE50A340294072EA008DF5D7 /* CWChartMarker.swift */ = {isa = PBXFileReference; lastKnownFileType = sourcecode.swift; path = CWChartMarker.swift; sourceTree = "<group>"; };
		BE50A34329407313008DF5D7 /* XAxisChartFormatter.swift */ = {isa = PBXFileReference; lastKnownFileType = sourcecode.swift; path = XAxisChartFormatter.swift; sourceTree = "<group>"; };
		BE50A3452940733A008DF5D7 /* String+Ext.swift */ = {isa = PBXFileReference; lastKnownFileType = sourcecode.swift; path = "String+Ext.swift"; sourceTree = "<group>"; };
		BE66BD7B293942EE00BF8144 /* CWPaddedLabel.swift */ = {isa = PBXFileReference; lastKnownFileType = sourcecode.swift; path = CWPaddedLabel.swift; sourceTree = "<group>"; };
		BE66D7E129407795000688CC /* CWWatchlistScreen.swift */ = {isa = PBXFileReference; lastKnownFileType = sourcecode.swift; path = CWWatchlistScreen.swift; sourceTree = "<group>"; };
		BE66D7E329407A2C000688CC /* UIFont+Ext.swift */ = {isa = PBXFileReference; fileEncoding = 4; lastKnownFileType = sourcecode.swift; path = "UIFont+Ext.swift"; sourceTree = "<group>"; };
		BE8CB71D29398B8800A1BCAA /* CWCoinDetailScreen.swift */ = {isa = PBXFileReference; lastKnownFileType = sourcecode.swift; path = CWCoinDetailScreen.swift; sourceTree = "<group>"; };
		BE8CB71F2939B76700A1BCAA /* HistoryResponse.swift */ = {isa = PBXFileReference; lastKnownFileType = sourcecode.swift; path = HistoryResponse.swift; sourceTree = "<group>"; };
		BE8CB7212939BBE600A1BCAA /* coinhistory.json */ = {isa = PBXFileReference; lastKnownFileType = text.json; path = coinhistory.json; sourceTree = "<group>"; };
		BEC5949829386DCB007D68D6 /* CWatch.app */ = {isa = PBXFileReference; explicitFileType = wrapper.application; includeInIndex = 0; path = CWatch.app; sourceTree = BUILT_PRODUCTS_DIR; };
		BEC5949B29386DCB007D68D6 /* AppDelegate.swift */ = {isa = PBXFileReference; lastKnownFileType = sourcecode.swift; path = AppDelegate.swift; sourceTree = "<group>"; };
		BEC5949D29386DCB007D68D6 /* SceneDelegate.swift */ = {isa = PBXFileReference; lastKnownFileType = sourcecode.swift; path = SceneDelegate.swift; sourceTree = "<group>"; };
		BEC5949F29386DCB007D68D6 /* CTMainTabViewController.swift */ = {isa = PBXFileReference; lastKnownFileType = sourcecode.swift; path = CTMainTabViewController.swift; sourceTree = "<group>"; };
		BEC594A429386DCC007D68D6 /* Assets.xcassets */ = {isa = PBXFileReference; lastKnownFileType = folder.assetcatalog; path = Assets.xcassets; sourceTree = "<group>"; };
		BEC594A729386DCC007D68D6 /* Base */ = {isa = PBXFileReference; lastKnownFileType = file.storyboard; name = Base; path = Base.lproj/LaunchScreen.storyboard; sourceTree = "<group>"; };
		BEC594A929386DCC007D68D6 /* Info.plist */ = {isa = PBXFileReference; lastKnownFileType = text.plist.xml; path = Info.plist; sourceTree = "<group>"; };
		BEC594B229387024007D68D6 /* CWMarketScreen.swift */ = {isa = PBXFileReference; lastKnownFileType = sourcecode.swift; path = CWMarketScreen.swift; sourceTree = "<group>"; };
		BEC594B5293876D3007D68D6 /* CoinService.swift */ = {isa = PBXFileReference; lastKnownFileType = sourcecode.swift; path = CoinService.swift; sourceTree = "<group>"; };
		BEC594B9293877E7007D68D6 /* Secrets.swift */ = {isa = PBXFileReference; lastKnownFileType = sourcecode.swift; path = Secrets.swift; sourceTree = "<group>"; };
		BEC594BC29388606007D68D6 /* CoinResponse.swift */ = {isa = PBXFileReference; lastKnownFileType = sourcecode.swift; path = CoinResponse.swift; sourceTree = "<group>"; };
		BEC594BE2939283C007D68D6 /* response.json */ = {isa = PBXFileReference; lastKnownFileType = text.json; path = response.json; sourceTree = "<group>"; };
		BEC594C129392E0E007D68D6 /* CWCoinCell.swift */ = {isa = PBXFileReference; lastKnownFileType = sourcecode.swift; path = CWCoinCell.swift; sourceTree = "<group>"; };
		BEC8639D293BF58000A5BD12 /* CWCoinHeaderView.swift */ = {isa = PBXFileReference; lastKnownFileType = sourcecode.swift; path = CWCoinHeaderView.swift; sourceTree = "<group>"; };
		BEC8639F293C3CD000A5BD12 /* coinresponse.json */ = {isa = PBXFileReference; lastKnownFileType = text.json; path = coinresponse.json; sourceTree = "<group>"; };
		BEC863A1293D1D1600A5BD12 /* Endpoint.swift */ = {isa = PBXFileReference; lastKnownFileType = sourcecode.swift; path = Endpoint.swift; sourceTree = "<group>"; };
		E59534E05363A78699F6B6DF /* Pods_CWatch.framework */ = {isa = PBXFileReference; explicitFileType = wrapper.framework; includeInIndex = 0; path = Pods_CWatch.framework; sourceTree = BUILT_PRODUCTS_DIR; };
/* End PBXFileReference section */

/* Begin PBXFrameworksBuildPhase section */
		BEC5949529386DCB007D68D6 /* Frameworks */ = {
			isa = PBXFrameworksBuildPhase;
			buildActionMask = 2147483647;
			files = (
				5EC3FCDC73CAE6146BD3A459 /* Pods_CWatch.framework in Frameworks */,
			);
			runOnlyForDeploymentPostprocessing = 0;
		};
/* End PBXFrameworksBuildPhase section */

/* Begin PBXGroup section */
		7D3DFE5D3D640EA3B88908AE /* Pods */ = {
			isa = PBXGroup;
			children = (
				A159733097E29C927E1FF722 /* Pods-CWatch.debug.xcconfig */,
				69DA7F3670DD8DCFA3A5D00C /* Pods-CWatch.release.xcconfig */,
			);
			path = Pods;
			sourceTree = "<group>";
		};
		BE02F780293FE0050087E4F8 /* Extensions */ = {
			isa = PBXGroup;
			children = (
				BE66D7E329407A2C000688CC /* UIFont+Ext.swift */,
				BE02F781293FE00C0087E4F8 /* UIStackView+Ext.swift */,
				BE02F783293FE01D0087E4F8 /* Double+Ext.swift */,
				BE02F785293FE4F30087E4F8 /* CoinResponse+Ext.swift */,
				BE50A3452940733A008DF5D7 /* String+Ext.swift */,
			);
			path = Extensions;
			sourceTree = "<group>";
		};
		BE50A34229407306008DF5D7 /* Formatters */ = {
			isa = PBXGroup;
			children = (
				BE50A34329407313008DF5D7 /* XAxisChartFormatter.swift */,
			);
			path = Formatters;
			sourceTree = "<group>";
		};
		BE8CB71A2939633D00A1BCAA /* Controllers */ = {
			isa = PBXGroup;
			children = (
				BEC5949F29386DCB007D68D6 /* CTMainTabViewController.swift */,
			);
			path = Controllers;
			sourceTree = "<group>";
		};
		BEC5948F29386DCB007D68D6 = {
			isa = PBXGroup;
			children = (
				BEC5949A29386DCB007D68D6 /* CWatch */,
				BEC5949929386DCB007D68D6 /* Products */,
				7D3DFE5D3D640EA3B88908AE /* Pods */,
				E5CCED65405A38A0AB843825 /* Frameworks */,
			);
			sourceTree = "<group>";
		};
		BEC5949929386DCB007D68D6 /* Products */ = {
			isa = PBXGroup;
			children = (
				BEC5949829386DCB007D68D6 /* CWatch.app */,
			);
			name = Products;
			sourceTree = "<group>";
		};
		BEC5949A29386DCB007D68D6 /* CWatch */ = {
			isa = PBXGroup;
			children = (
				BE02F780293FE0050087E4F8 /* Extensions */,
				BE8CB71A2939633D00A1BCAA /* Controllers */,
				BEC594C029392DEE007D68D6 /* Views */,
				BEC594BB293885FE007D68D6 /* Data */,
				BEC594B4293875DC007D68D6 /* Services */,
				BEC594B129387003007D68D6 /* Screens */,
				BEC594B029386EC4007D68D6 /* Support */,
				BEC594AF29386EBC007D68D6 /* App */,
			);
			path = CWatch;
			sourceTree = "<group>";
		};
		BEC594AF29386EBC007D68D6 /* App */ = {
			isa = PBXGroup;
			children = (
				BEC5949B29386DCB007D68D6 /* AppDelegate.swift */,
				BEC5949D29386DCB007D68D6 /* SceneDelegate.swift */,
			);
			path = App;
			sourceTree = "<group>";
		};
		BEC594B029386EC4007D68D6 /* Support */ = {
			isa = PBXGroup;
			children = (
				BEC594BE2939283C007D68D6 /* response.json */,
				BEC594A429386DCC007D68D6 /* Assets.xcassets */,
				BEC594A629386DCC007D68D6 /* LaunchScreen.storyboard */,
				BEC594A929386DCC007D68D6 /* Info.plist */,
				BE8CB7212939BBE600A1BCAA /* coinhistory.json */,
				BEC8639F293C3CD000A5BD12 /* coinresponse.json */,
			);
			name = Support;
			sourceTree = "<group>";
		};
		BEC594B129387003007D68D6 /* Screens */ = {
			isa = PBXGroup;
			children = (
				BEC594B229387024007D68D6 /* CWMarketScreen.swift */,
				BE8CB71D29398B8800A1BCAA /* CWCoinDetailScreen.swift */,
				BE038700293E92FA0051128D /* CWCoinAboutScreen.swift */,
				BE66D7E129407795000688CC /* CWWatchlistScreen.swift */,
			);
			path = Screens;
			sourceTree = "<group>";
		};
		BEC594B4293875DC007D68D6 /* Services */ = {
			isa = PBXGroup;
			children = (
				BEC594B5293876D3007D68D6 /* CoinService.swift */,
			);
			path = Services;
			sourceTree = "<group>";
		};
		BEC594BB293885FE007D68D6 /* Data */ = {
			isa = PBXGroup;
			children = (
				BE50A34229407306008DF5D7 /* Formatters */,
				BEC594B9293877E7007D68D6 /* Secrets.swift */,
				BEC594BC29388606007D68D6 /* CoinResponse.swift */,
				BE8CB71F2939B76700A1BCAA /* HistoryResponse.swift */,
				BEC863A1293D1D1600A5BD12 /* Endpoint.swift */,
			);
			path = Data;
			sourceTree = "<group>";
		};
		BEC594C029392DEE007D68D6 /* Views */ = {
			isa = PBXGroup;
			children = (
				BEC594C129392E0E007D68D6 /* CWCoinCell.swift */,
				BE66BD7B293942EE00BF8144 /* CWPaddedLabel.swift */,
				BEC8639D293BF58000A5BD12 /* CWCoinHeaderView.swift */,
				BE038702293EF0FF0051128D /* CWInfoRow.swift */,
				BE02F787293FE52B0087E4F8 /* CWViewPreview.swift */,
				BE50A340294072EA008DF5D7 /* CWChartMarker.swift */,
			);
			path = Views;
			sourceTree = "<group>";
		};
		E5CCED65405A38A0AB843825 /* Frameworks */ = {
			isa = PBXGroup;
			children = (
				E59534E05363A78699F6B6DF /* Pods_CWatch.framework */,
			);
			name = Frameworks;
			sourceTree = "<group>";
		};
/* End PBXGroup section */

/* Begin PBXNativeTarget section */
		BEC5949729386DCB007D68D6 /* CWatch */ = {
			isa = PBXNativeTarget;
			buildConfigurationList = BEC594AC29386DCC007D68D6 /* Build configuration list for PBXNativeTarget "CWatch" */;
			buildPhases = (
				030D3BD9009E4014ECCFCE70 /* [CP] Check Pods Manifest.lock */,
				BEC5949429386DCB007D68D6 /* Sources */,
				BEC5949529386DCB007D68D6 /* Frameworks */,
				BEC5949629386DCB007D68D6 /* Resources */,
				7C33269C94BBB2CA20C14D72 /* [CP] Embed Pods Frameworks */,
			);
			buildRules = (
			);
			dependencies = (
			);
			name = CWatch;
			productName = CWatch;
			productReference = BEC5949829386DCB007D68D6 /* CWatch.app */;
			productType = "com.apple.product-type.application";
		};
/* End PBXNativeTarget section */

/* Begin PBXProject section */
		BEC5949029386DCB007D68D6 /* Project object */ = {
			isa = PBXProject;
			attributes = {
				BuildIndependentTargetsInParallel = 1;
				LastSwiftUpdateCheck = 1400;
				LastUpgradeCheck = 1400;
				TargetAttributes = {
					BEC5949729386DCB007D68D6 = {
						CreatedOnToolsVersion = 14.0;
					};
				};
			};
			buildConfigurationList = BEC5949329386DCB007D68D6 /* Build configuration list for PBXProject "CWatch" */;
			compatibilityVersion = "Xcode 14.0";
			developmentRegion = en;
			hasScannedForEncodings = 0;
			knownRegions = (
				en,
				Base,
			);
			mainGroup = BEC5948F29386DCB007D68D6;
			productRefGroup = BEC5949929386DCB007D68D6 /* Products */;
			projectDirPath = "";
			projectRoot = "";
			targets = (
				BEC5949729386DCB007D68D6 /* CWatch */,
			);
		};
/* End PBXProject section */

/* Begin PBXResourcesBuildPhase section */
		BEC5949629386DCB007D68D6 /* Resources */ = {
			isa = PBXResourcesBuildPhase;
			buildActionMask = 2147483647;
			files = (
				BEC594A829386DCC007D68D6 /* LaunchScreen.storyboard in Resources */,
				BEC863A0293C3CD000A5BD12 /* coinresponse.json in Resources */,
				BEC594BF2939283C007D68D6 /* response.json in Resources */,
				BEC594A529386DCC007D68D6 /* Assets.xcassets in Resources */,
				BE8CB7222939BBE600A1BCAA /* coinhistory.json in Resources */,
			);
			runOnlyForDeploymentPostprocessing = 0;
		};
/* End PBXResourcesBuildPhase section */

/* Begin PBXShellScriptBuildPhase section */
		030D3BD9009E4014ECCFCE70 /* [CP] Check Pods Manifest.lock */ = {
			isa = PBXShellScriptBuildPhase;
			buildActionMask = 2147483647;
			files = (
			);
			inputFileListPaths = (
			);
			inputPaths = (
				"${PODS_PODFILE_DIR_PATH}/Podfile.lock",
				"${PODS_ROOT}/Manifest.lock",
			);
			name = "[CP] Check Pods Manifest.lock";
			outputFileListPaths = (
			);
			outputPaths = (
				"$(DERIVED_FILE_DIR)/Pods-CWatch-checkManifestLockResult.txt",
			);
			runOnlyForDeploymentPostprocessing = 0;
			shellPath = /bin/sh;
			shellScript = "diff \"${PODS_PODFILE_DIR_PATH}/Podfile.lock\" \"${PODS_ROOT}/Manifest.lock\" > /dev/null\nif [ $? != 0 ] ; then\n    # print error to STDERR\n    echo \"error: The sandbox is not in sync with the Podfile.lock. Run 'pod install' or update your CocoaPods installation.\" >&2\n    exit 1\nfi\n# This output is used by Xcode 'outputs' to avoid re-running this script phase.\necho \"SUCCESS\" > \"${SCRIPT_OUTPUT_FILE_0}\"\n";
			showEnvVarsInLog = 0;
		};
		7C33269C94BBB2CA20C14D72 /* [CP] Embed Pods Frameworks */ = {
			isa = PBXShellScriptBuildPhase;
			buildActionMask = 2147483647;
			files = (
			);
			inputFileListPaths = (
				"${PODS_ROOT}/Target Support Files/Pods-CWatch/Pods-CWatch-frameworks-${CONFIGURATION}-input-files.xcfilelist",
			);
			name = "[CP] Embed Pods Frameworks";
			outputFileListPaths = (
				"${PODS_ROOT}/Target Support Files/Pods-CWatch/Pods-CWatch-frameworks-${CONFIGURATION}-output-files.xcfilelist",
			);
			runOnlyForDeploymentPostprocessing = 0;
			shellPath = /bin/sh;
			shellScript = "\"${PODS_ROOT}/Target Support Files/Pods-CWatch/Pods-CWatch-frameworks.sh\"\n";
			showEnvVarsInLog = 0;
		};
/* End PBXShellScriptBuildPhase section */

/* Begin PBXSourcesBuildPhase section */
		BEC5949429386DCB007D68D6 /* Sources */ = {
			isa = PBXSourcesBuildPhase;
			buildActionMask = 2147483647;
			files = (
				BE50A341294072EA008DF5D7 /* CWChartMarker.swift in Sources */,
				BEC594A029386DCB007D68D6 /* CTMainTabViewController.swift in Sources */,
				BEC594BA293877E7007D68D6 /* Secrets.swift in Sources */,
				BEC5949C29386DCB007D68D6 /* AppDelegate.swift in Sources */,
				BEC863A2293D1D1600A5BD12 /* Endpoint.swift in Sources */,
				BE038703293EF0FF0051128D /* CWInfoRow.swift in Sources */,
				BE038701293E92FA0051128D /* CWCoinAboutScreen.swift in Sources */,
				BE02F784293FE01D0087E4F8 /* Double+Ext.swift in Sources */,
				BE02F786293FE4F30087E4F8 /* CoinResponse+Ext.swift in Sources */,
				BE66D7E229407795000688CC /* CWWatchlistScreen.swift in Sources */,
				BEC594B6293876D3007D68D6 /* CoinService.swift in Sources */,
				BE50A3462940733A008DF5D7 /* String+Ext.swift in Sources */,
				BE66D7E429407A2C000688CC /* UIFont+Ext.swift in Sources */,
				BEC8639E293BF58000A5BD12 /* CWCoinHeaderView.swift in Sources */,
				BE02F788293FE52B0087E4F8 /* CWViewPreview.swift in Sources */,
				BEC5949E29386DCB007D68D6 /* SceneDelegate.swift in Sources */,
				BE50A34429407313008DF5D7 /* XAxisChartFormatter.swift in Sources */,
				BE8CB7202939B76700A1BCAA /* HistoryResponse.swift in Sources */,
				BEC594B329387024007D68D6 /* CWMarketScreen.swift in Sources */,
				BE02F782293FE00C0087E4F8 /* UIStackView+Ext.swift in Sources */,
				BE66BD7C293942EE00BF8144 /* CWPaddedLabel.swift in Sources */,
				BEC594C229392E0E007D68D6 /* CWCoinCell.swift in Sources */,
				BEC594BD29388606007D68D6 /* CoinResponse.swift in Sources */,
				BE8CB71E29398B8800A1BCAA /* CWCoinDetailScreen.swift in Sources */,
			);
			runOnlyForDeploymentPostprocessing = 0;
		};
/* End PBXSourcesBuildPhase section */

/* Begin PBXVariantGroup section */
		BEC594A629386DCC007D68D6 /* LaunchScreen.storyboard */ = {
			isa = PBXVariantGroup;
			children = (
				BEC594A729386DCC007D68D6 /* Base */,
			);
			name = LaunchScreen.storyboard;
			sourceTree = "<group>";
		};
/* End PBXVariantGroup section */

/* Begin XCBuildConfiguration section */
		BEC594AA29386DCC007D68D6 /* Debug */ = {
			isa = XCBuildConfiguration;
			buildSettings = {
				ALWAYS_SEARCH_USER_PATHS = NO;
				CLANG_ANALYZER_NONNULL = YES;
				CLANG_ANALYZER_NUMBER_OBJECT_CONVERSION = YES_AGGRESSIVE;
				CLANG_CXX_LANGUAGE_STANDARD = "gnu++20";
				CLANG_ENABLE_MODULES = YES;
				CLANG_ENABLE_OBJC_ARC = YES;
				CLANG_ENABLE_OBJC_WEAK = YES;
				CLANG_WARN_BLOCK_CAPTURE_AUTORELEASING = YES;
				CLANG_WARN_BOOL_CONVERSION = YES;
				CLANG_WARN_COMMA = YES;
				CLANG_WARN_CONSTANT_CONVERSION = YES;
				CLANG_WARN_DEPRECATED_OBJC_IMPLEMENTATIONS = YES;
				CLANG_WARN_DIRECT_OBJC_ISA_USAGE = YES_ERROR;
				CLANG_WARN_DOCUMENTATION_COMMENTS = YES;
				CLANG_WARN_EMPTY_BODY = YES;
				CLANG_WARN_ENUM_CONVERSION = YES;
				CLANG_WARN_INFINITE_RECURSION = YES;
				CLANG_WARN_INT_CONVERSION = YES;
				CLANG_WARN_NON_LITERAL_NULL_CONVERSION = YES;
				CLANG_WARN_OBJC_IMPLICIT_RETAIN_SELF = YES;
				CLANG_WARN_OBJC_LITERAL_CONVERSION = YES;
				CLANG_WARN_OBJC_ROOT_CLASS = YES_ERROR;
				CLANG_WARN_QUOTED_INCLUDE_IN_FRAMEWORK_HEADER = YES;
				CLANG_WARN_RANGE_LOOP_ANALYSIS = YES;
				CLANG_WARN_STRICT_PROTOTYPES = YES;
				CLANG_WARN_SUSPICIOUS_MOVE = YES;
				CLANG_WARN_UNGUARDED_AVAILABILITY = YES_AGGRESSIVE;
				CLANG_WARN_UNREACHABLE_CODE = YES;
				CLANG_WARN__DUPLICATE_METHOD_MATCH = YES;
				COPY_PHASE_STRIP = NO;
				DEBUG_INFORMATION_FORMAT = dwarf;
				ENABLE_STRICT_OBJC_MSGSEND = YES;
				ENABLE_TESTABILITY = YES;
				GCC_C_LANGUAGE_STANDARD = gnu11;
				GCC_DYNAMIC_NO_PIC = NO;
				GCC_NO_COMMON_BLOCKS = YES;
				GCC_OPTIMIZATION_LEVEL = 0;
				GCC_PREPROCESSOR_DEFINITIONS = (
					"DEBUG=1",
					"$(inherited)",
				);
				GCC_WARN_64_TO_32_BIT_CONVERSION = YES;
				GCC_WARN_ABOUT_RETURN_TYPE = YES_ERROR;
				GCC_WARN_UNDECLARED_SELECTOR = YES;
				GCC_WARN_UNINITIALIZED_AUTOS = YES_AGGRESSIVE;
				GCC_WARN_UNUSED_FUNCTION = YES;
				GCC_WARN_UNUSED_VARIABLE = YES;
				IPHONEOS_DEPLOYMENT_TARGET = 15.4;
				MTL_ENABLE_DEBUG_INFO = INCLUDE_SOURCE;
				MTL_FAST_MATH = YES;
				ONLY_ACTIVE_ARCH = YES;
				SDKROOT = iphoneos;
				SWIFT_ACTIVE_COMPILATION_CONDITIONS = DEBUG;
				SWIFT_OPTIMIZATION_LEVEL = "-Onone";
			};
			name = Debug;
		};
		BEC594AB29386DCC007D68D6 /* Release */ = {
			isa = XCBuildConfiguration;
			buildSettings = {
				ALWAYS_SEARCH_USER_PATHS = NO;
				CLANG_ANALYZER_NONNULL = YES;
				CLANG_ANALYZER_NUMBER_OBJECT_CONVERSION = YES_AGGRESSIVE;
				CLANG_CXX_LANGUAGE_STANDARD = "gnu++20";
				CLANG_ENABLE_MODULES = YES;
				CLANG_ENABLE_OBJC_ARC = YES;
				CLANG_ENABLE_OBJC_WEAK = YES;
				CLANG_WARN_BLOCK_CAPTURE_AUTORELEASING = YES;
				CLANG_WARN_BOOL_CONVERSION = YES;
				CLANG_WARN_COMMA = YES;
				CLANG_WARN_CONSTANT_CONVERSION = YES;
				CLANG_WARN_DEPRECATED_OBJC_IMPLEMENTATIONS = YES;
				CLANG_WARN_DIRECT_OBJC_ISA_USAGE = YES_ERROR;
				CLANG_WARN_DOCUMENTATION_COMMENTS = YES;
				CLANG_WARN_EMPTY_BODY = YES;
				CLANG_WARN_ENUM_CONVERSION = YES;
				CLANG_WARN_INFINITE_RECURSION = YES;
				CLANG_WARN_INT_CONVERSION = YES;
				CLANG_WARN_NON_LITERAL_NULL_CONVERSION = YES;
				CLANG_WARN_OBJC_IMPLICIT_RETAIN_SELF = YES;
				CLANG_WARN_OBJC_LITERAL_CONVERSION = YES;
				CLANG_WARN_OBJC_ROOT_CLASS = YES_ERROR;
				CLANG_WARN_QUOTED_INCLUDE_IN_FRAMEWORK_HEADER = YES;
				CLANG_WARN_RANGE_LOOP_ANALYSIS = YES;
				CLANG_WARN_STRICT_PROTOTYPES = YES;
				CLANG_WARN_SUSPICIOUS_MOVE = YES;
				CLANG_WARN_UNGUARDED_AVAILABILITY = YES_AGGRESSIVE;
				CLANG_WARN_UNREACHABLE_CODE = YES;
				CLANG_WARN__DUPLICATE_METHOD_MATCH = YES;
				COPY_PHASE_STRIP = NO;
				DEBUG_INFORMATION_FORMAT = "dwarf-with-dsym";
				ENABLE_NS_ASSERTIONS = NO;
				ENABLE_STRICT_OBJC_MSGSEND = YES;
				GCC_C_LANGUAGE_STANDARD = gnu11;
				GCC_NO_COMMON_BLOCKS = YES;
				GCC_WARN_64_TO_32_BIT_CONVERSION = YES;
				GCC_WARN_ABOUT_RETURN_TYPE = YES_ERROR;
				GCC_WARN_UNDECLARED_SELECTOR = YES;
				GCC_WARN_UNINITIALIZED_AUTOS = YES_AGGRESSIVE;
				GCC_WARN_UNUSED_FUNCTION = YES;
				GCC_WARN_UNUSED_VARIABLE = YES;
				IPHONEOS_DEPLOYMENT_TARGET = 15.4;
				MTL_ENABLE_DEBUG_INFO = NO;
				MTL_FAST_MATH = YES;
				SDKROOT = iphoneos;
				SWIFT_COMPILATION_MODE = wholemodule;
				SWIFT_OPTIMIZATION_LEVEL = "-O";
				VALIDATE_PRODUCT = YES;
			};
			name = Release;
		};
		BEC594AD29386DCC007D68D6 /* Debug */ = {
			isa = XCBuildConfiguration;
			baseConfigurationReference = A159733097E29C927E1FF722 /* Pods-CWatch.debug.xcconfig */;
			buildSettings = {
				ASSETCATALOG_COMPILER_APPICON_NAME = AppIcon;
				ASSETCATALOG_COMPILER_GLOBAL_ACCENT_COLOR_NAME = AccentColor;
				CODE_SIGN_STYLE = Automatic;
				CURRENT_PROJECT_VERSION = 1;
				DEVELOPMENT_TEAM = 7QBR6L4T36;
				GENERATE_INFOPLIST_FILE = YES;
				INFOPLIST_FILE = CWatch/Info.plist;
				INFOPLIST_KEY_CFBundleDisplayName = "Coin Watch";
				INFOPLIST_KEY_UIApplicationSupportsIndirectInputEvents = YES;
				INFOPLIST_KEY_UILaunchStoryboardName = LaunchScreen;
				INFOPLIST_KEY_UISupportedInterfaceOrientations_iPad = "UIInterfaceOrientationPortrait UIInterfaceOrientationPortraitUpsideDown UIInterfaceOrientationLandscapeLeft UIInterfaceOrientationLandscapeRight";
				INFOPLIST_KEY_UISupportedInterfaceOrientations_iPhone = "UIInterfaceOrientationPortrait UIInterfaceOrientationLandscapeLeft UIInterfaceOrientationLandscapeRight";
				IPHONEOS_DEPLOYMENT_TARGET = 15.5;
				LD_RUNPATH_SEARCH_PATHS = (
					"$(inherited)",
					"@executable_path/Frameworks",
				);
				MARKETING_VERSION = 1.0;
				PRODUCT_BUNDLE_IDENTIFIER = com.jmanuelzaragoza.CWatch;
				PRODUCT_NAME = "$(TARGET_NAME)";
				SWIFT_EMIT_LOC_STRINGS = YES;
				SWIFT_VERSION = 5.0;
				TARGETED_DEVICE_FAMILY = "1,2";
			};
			name = Debug;
		};
		BEC594AE29386DCC007D68D6 /* Release */ = {
			isa = XCBuildConfiguration;
			baseConfigurationReference = 69DA7F3670DD8DCFA3A5D00C /* Pods-CWatch.release.xcconfig */;
			buildSettings = {
				ASSETCATALOG_COMPILER_APPICON_NAME = AppIcon;
				ASSETCATALOG_COMPILER_GLOBAL_ACCENT_COLOR_NAME = AccentColor;
				CODE_SIGN_STYLE = Automatic;
				CURRENT_PROJECT_VERSION = 1;
				DEVELOPMENT_TEAM = 7QBR6L4T36;
				GENERATE_INFOPLIST_FILE = YES;
				INFOPLIST_FILE = CWatch/Info.plist;
				INFOPLIST_KEY_CFBundleDisplayName = "Coin Watch";
				INFOPLIST_KEY_UIApplicationSupportsIndirectInputEvents = YES;
				INFOPLIST_KEY_UILaunchStoryboardName = LaunchScreen;
				INFOPLIST_KEY_UISupportedInterfaceOrientations_iPad = "UIInterfaceOrientationPortrait UIInterfaceOrientationPortraitUpsideDown UIInterfaceOrientationLandscapeLeft UIInterfaceOrientationLandscapeRight";
				INFOPLIST_KEY_UISupportedInterfaceOrientations_iPhone = "UIInterfaceOrientationPortrait UIInterfaceOrientationLandscapeLeft UIInterfaceOrientationLandscapeRight";
				IPHONEOS_DEPLOYMENT_TARGET = 15.5;
				LD_RUNPATH_SEARCH_PATHS = (
					"$(inherited)",
					"@executable_path/Frameworks",
				);
				MARKETING_VERSION = 1.0;
				PRODUCT_BUNDLE_IDENTIFIER = com.jmanuelzaragoza.CWatch;
				PRODUCT_NAME = "$(TARGET_NAME)";
				SWIFT_EMIT_LOC_STRINGS = YES;
				SWIFT_VERSION = 5.0;
				TARGETED_DEVICE_FAMILY = "1,2";
			};
			name = Release;
		};
/* End XCBuildConfiguration section */

/* Begin XCConfigurationList section */
		BEC5949329386DCB007D68D6 /* Build configuration list for PBXProject "CWatch" */ = {
			isa = XCConfigurationList;
			buildConfigurations = (
				BEC594AA29386DCC007D68D6 /* Debug */,
				BEC594AB29386DCC007D68D6 /* Release */,
			);
			defaultConfigurationIsVisible = 0;
			defaultConfigurationName = Release;
		};
		BEC594AC29386DCC007D68D6 /* Build configuration list for PBXNativeTarget "CWatch" */ = {
			isa = XCConfigurationList;
			buildConfigurations = (
				BEC594AD29386DCC007D68D6 /* Debug */,
				BEC594AE29386DCC007D68D6 /* Release */,
			);
			defaultConfigurationIsVisible = 0;
			defaultConfigurationName = Release;
		};
/* End XCConfigurationList section */
	};
	rootObject = BEC5949029386DCB007D68D6 /* Project object */;
}
